<?xml version="1.0" encoding="utf-8"?>
<Project ToolsVersion="4.0" xmlns="http://schemas.microsoft.com/developer/msbuild/2003">
  <ItemGroup>
    <Filter Include="Form Files">
      <UniqueIdentifier>{99349809-55BA-4b9d-BF79-8FDBB0286EB3}</UniqueIdentifier>
      <Extensions>ui</Extensions>
      <ParseFiles>false</ParseFiles>
    </Filter>
    <Filter Include="Form Files">
      <UniqueIdentifier>{99349809-55BA-4b9d-BF79-8FDBB0286EB3}</UniqueIdentifier>
      <Extensions>ui</Extensions>
      <ParseFiles>false</ParseFiles>
    </Filter>
    <Filter Include="Generated Files">
      <UniqueIdentifier>{71ED8ED8-ACB9-4CE9-BBE1-E00B30144E11}</UniqueIdentifier>
      <Extensions>cpp;c;cxx;moc;h;def;odl;idl;res;</Extensions>
    </Filter>
    <Filter Include="Generated Files">
      <UniqueIdentifier>{71ED8ED8-ACB9-4CE9-BBE1-E00B30144E11}</UniqueIdentifier>
      <Extensions>cpp;c;cxx;moc;h;def;odl;idl;res;</Extensions>
    </Filter>
    <Filter Include="Header Files">
      <UniqueIdentifier>{93995380-89BD-4b04-88EB-625FBE52EBFB}</UniqueIdentifier>
      <Extensions>h;hpp;hxx;hm;inl;inc;xsd</Extensions>
    </Filter>
    <Filter Include="Header Files">
      <UniqueIdentifier>{93995380-89BD-4b04-88EB-625FBE52EBFB}</UniqueIdentifier>
      <Extensions>h;hpp;hxx;hm;inl;inc;xsd</Extensions>
    </Filter>
    <Filter Include="Source Files">
      <UniqueIdentifier>{4FC737F1-C7A5-4376-A066-2A32D752A2FF}</UniqueIdentifier>
      <Extensions>cpp;c;cxx;def;odl;idl;hpj;bat;asm;asmx</Extensions>
    </Filter>
    <Filter Include="Source Files">
      <UniqueIdentifier>{4FC737F1-C7A5-4376-A066-2A32D752A2FF}</UniqueIdentifier>
      <Extensions>cpp;c;cxx;def;odl;idl;hpj;bat;asm;asmx</Extensions>
    </Filter>
    <Filter Include="Generated Files\Debug">
      <UniqueIdentifier>{e89eb0f7-1d6a-46e0-9735-739c8e4be2f9}</UniqueIdentifier>
      <Extensions>cpp;moc</Extensions>
      <SourceControlFiles>False</SourceControlFiles>
    </Filter>
    <Filter Include="Generated Files\Release">
      <UniqueIdentifier>{88c5c22e-32a7-413f-9fcd-b345c7254d7c}</UniqueIdentifier>
      <Extensions>cpp;moc</Extensions>
      <SourceControlFiles>False</SourceControlFiles>
    </Filter>
    <Filter Include="Source Files\PlotWidget">
      <UniqueIdentifier>{11e9350f-f6a6-4ed7-aa40-2fda592e7627}</UniqueIdentifier>
    </Filter>
    <Filter Include="Header Files\RFDevice">
      <UniqueIdentifier>{38d19a0c-c3da-4e69-bb66-e77e26cb8351}</UniqueIdentifier>
    </Filter>
    <Filter Include="Header Files\PlotWidget">
      <UniqueIdentifier>{38838c94-d382-4d9a-a0db-ea0cc94a07e1}</UniqueIdentifier>
    </Filter>
  </ItemGroup>
  <ItemGroup>
    <ClCompile Include="main.cpp">
      <Filter>Source Files</Filter>
    </ClCompile>
    <ClCompile Include="mainwindow.cpp">
      <Filter>Source Files</Filter>
    </ClCompile>
    <ClCompile Include="GeneratedFiles\Debug\moc_mainwindow.cpp">
      <Filter>Generated Files\Debug</Filter>
    </ClCompile>
    <ClCompile Include="GeneratedFiles\Release\moc_mainwindow.cpp">
      <Filter>Generated Files\Release</Filter>
    </ClCompile>
    <ClCompile Include="GeneratedFiles\Debug\moc_PlotWidget.cpp">
      <Filter>Generated Files\Debug</Filter>
    </ClCompile>
    <ClCompile Include="GeneratedFiles\Release\moc_PlotWidget.cpp">
      <Filter>Generated Files\Release</Filter>
    </ClCompile>
    <ClCompile Include="GeneratedFiles\Debug\moc_qaxiszoomsvc.cpp">
      <Filter>Generated Files\Debug</Filter>
    </ClCompile>
    <ClCompile Include="GeneratedFiles\Release\moc_qaxiszoomsvc.cpp">
      <Filter>Generated Files\Release</Filter>
    </ClCompile>
    <ClCompile Include="GeneratedFiles\Debug\moc_qwheelzoomsvc.cpp">
      <Filter>Generated Files\Debug</Filter>
    </ClCompile>
    <ClCompile Include="GeneratedFiles\Release\moc_qwheelzoomsvc.cpp">
      <Filter>Generated Files\Release</Filter>
    </ClCompile>
    <ClCompile Include="GeneratedFiles\Debug\moc_qwtchartzoom.cpp">
      <Filter>Generated Files\Debug</Filter>
    </ClCompile>
    <ClCompile Include="GeneratedFiles\Release\moc_qwtchartzoom.cpp">
      <Filter>Generated Files\Release</Filter>
    </ClCompile>
    <ClCompile Include="PlotWidget.cpp">
      <Filter>Source Files\PlotWidget</Filter>
    </ClCompile>
    <ClCompile Include="qaxiszoomsvc.cpp">
      <Filter>Source Files\PlotWidget</Filter>
    </ClCompile>
    <ClCompile Include="qwheelzoomsvc.cpp">
      <Filter>Source Files\PlotWidget</Filter>
    </ClCompile>
    <ClCompile Include="qwtchartzoom.cpp">
      <Filter>Source Files\PlotWidget</Filter>
    </ClCompile>
    <ClCompile Include="DeviceDataWidget.cpp">
      <Filter>Source Files</Filter>
    </ClCompile>
    <ClCompile Include="GeneratedFiles\Debug\moc_DeviceDataWidget.cpp">
      <Filter>Generated Files\Debug</Filter>
    </ClCompile>
    <ClCompile Include="GeneratedFiles\Release\moc_DeviceDataWidget.cpp">
      <Filter>Generated Files\Release</Filter>
    </ClCompile>
    <ClCompile Include="GeneratedFiles\Debug\moc_DeviceWorker.cpp">
      <Filter>Generated Files\Debug</Filter>
    </ClCompile>
    <ClCompile Include="GeneratedFiles\Release\moc_DeviceWorker.cpp">
      <Filter>Generated Files\Release</Filter>
    </ClCompile>
    <ClCompile Include="DeviceWorker.cpp">
      <Filter>Source Files</Filter>
    </ClCompile>
  </ItemGroup>
  <ItemGroup>
    <CustomBuild Include="mainwindow.h">
      <Filter>Header Files</Filter>
    </CustomBuild>
    <CustomBuild Include="PlotWidget.h">
      <Filter>Header Files\PlotWidget</Filter>
    </CustomBuild>
    <CustomBuild Include="PlotWidget.ui">
      <Filter>Form Files</Filter>
    </CustomBuild>
    <CustomBuild Include="qaxiszoomsvc.h">
      <Filter>Header Files\PlotWidget</Filter>
    </CustomBuild>
    <CustomBuild Include="qwheelzoomsvc.h">
      <Filter>Header Files\PlotWidget</Filter>
    </CustomBuild>
    <CustomBuild Include="qwtchartzoom.h">
      <Filter>Header Files\PlotWidget</Filter>
    </CustomBuild>
    <CustomBuild Include="DeviceDataWidget.h">
      <Filter>Header Files</Filter>
    </CustomBuild>
    <CustomBuild Include="DeviceDataWidget.ui">
      <Filter>Form Files</Filter>
    </CustomBuild>
    <CustomBuild Include="DeviceWorker.h">
      <Filter>Header Files</Filter>
    </CustomBuild>
  </ItemGroup>
  <ItemGroup>
    <CustomBuild Include="mainwindow.ui">
      <Filter>Form Files</Filter>
    </CustomBuild>
  </ItemGroup>
  <ItemGroup>
    <ClInclude Include="resource.h">
      <Filter>Generated Files</Filter>
    </ClInclude>
    <ClInclude Include="GeneratedFiles\ui_PlotWidget.h">
      <Filter>Generated Files</Filter>
    </ClInclude>
    <ClInclude Include="RFDevice\include\RFString.h">
      <Filter>Header Files\RFDevice</Filter>
    </ClInclude>
    <ClInclude Include="RFDevice\include\RF060Device.h">
      <Filter>Header Files\RFDevice</Filter>
    </ClInclude>
    <ClInclude Include="RFDevice\include\RF085Device.h">
      <Filter>Header Files\RFDevice</Filter>
    </ClInclude>
    <ClInclude Include="RFDevice\include\RF25xDevice.h">
      <Filter>Header Files\RFDevice</Filter>
    </ClInclude>
    <ClInclude Include="RFDevice\include\RF603BDevice.h">
      <Filter>Header Files\RFDevice</Filter>
    </ClInclude>
    <ClInclude Include="RFDevice\include\RF603Device.h">
      <Filter>Header Files\RFDevice</Filter>
    </ClInclude>
    <ClInclude Include="RFDevice\include\RF603HSDevice.h">
      <Filter>Header Files\RFDevice</Filter>
    </ClInclude>
    <ClInclude Include="RFDevice\include\RF605Device.h">
      <Filter>Header Files\RFDevice</Filter>
    </ClInclude>
    <ClInclude Include="RFDevice\include\RF60xDevice.h">
      <Filter>Header Files\RFDevice</Filter>
    </ClInclude>
    <ClInclude Include="RFDevice\include\RF620Device.h">
      <Filter>Header Files\RFDevice</Filter>
    </ClInclude>
    <ClInclude Include="RFDevice\include\RF625Device.h">
      <Filter>Header Files\RFDevice</Filter>
    </ClInclude>
    <ClInclude Include="RFDevice\include\RF651Device.h">
      <Filter>Header Files\RFDevice</Filter>
    </ClInclude>
    <ClInclude Include="RFDevice\include\RF656Device.h">
      <Filter>Header Files\RFDevice</Filter>
    </ClInclude>
    <ClInclude Include="RFDevice\include\RF65xDevice.h">
      <Filter>Header Files\RFDevice</Filter>
    </ClInclude>
    <ClInclude Include="RFDevice\include\RF65xNDevice.h">
      <Filter>Header Files\RFDevice</Filter>
    </ClInclude>
    <ClInclude Include="RFDevice\include\RF700Device.h">
      <Filter>Header Files\RFDevice</Filter>
    </ClInclude>
    <ClInclude Include="RFDevice\include\RFComDetector.h">
      <Filter>Header Files\RFDevice</Filter>
    </ClInclude>
    <ClInclude Include="RFDevice\include\RFComDevice.h">
      <Filter>Header Files\RFDevice</Filter>
    </ClInclude>
    <ClInclude Include="RFDevice\include\RFDevice.h">
      <Filter>Header Files\RFDevice</Filter>
    </ClInclude>
    <ClInclude Include="RFDevice\include\RFDeviceDefs.h">
      <Filter>Header Files\RFDevice</Filter>
    </ClInclude>
    <ClInclude Include="RFDevice\include\RFLanDetector.h">
      <Filter>Header Files\RFDevice</Filter>
    </ClInclude>
    <ClInclude Include="RFDevice\include\RFLanDevice.h">
      <Filter>Header Files\RFDevice</Filter>
    </ClInclude>
    <ClInclude Include="RFDevice\include\RFQDPMotorDevice.h">
      <Filter>Header Files\RFDevice</Filter>
    </ClInclude>
    <ClInclude Include="GeneratedFiles\ui_DeviceDataWidget.h">
      <Filter>Generated Files</Filter>
    </ClInclude>
    <ClInclude Include="GeneratedFiles\ui_mainwindow.h">
      <Filter>Generated Files</Filter>
    </ClInclude>
  </ItemGroup>
  <ItemGroup>
    <None Include="properties.js" />
    <None Include="main.qml" />
    <None Include="RFDevice\RFDevice.dll" />
  </ItemGroup>
  <ItemGroup>
    <Library Include="RFDevice\RFDevice.lib" />
  </ItemGroup>
</Project>